# @generated - this file is auto-generated by `mise lock` https://mise.en.dev/dev-tools/mise-lock.html

[[tools.node]]
version = "24.18.0"
backend = "core:node"

[tools.node."platforms.linux-arm64"]
checksum = "sha256:6b4484c2190274175df9aa8f28e2d758a819cb1c1fe6ab481e2f95b463ab8508"
url = "https://nodejs.org/dist/v24.18.0/node-v24.18.0-linux-arm64.tar.gz"

[tools.node."platforms.linux-arm64-musl"]
checksum = "sha256:b1c6c2dc31b46dd8fb2322f4fe75b07e775c5120bc37251deeea28f529d4567b"
url = "https://unofficial-builds.nodejs.org/download/release/v24.18.0/node-v24.18.0-linux-arm64-musl.tar.gz"

[tools.node."platforms.linux-x64"]
checksum = "sha256:783130984963db7ba9cbd01089eaf2c2efb055c7c1693c943174b967b3050cb8"
url = "https://nodejs.org/dist/v24.18.0/node-v24.18.0-linux-x64.tar.gz"

[tools.node."platforms.linux-x64-musl"]
checksum = "sha256:ea58409911e141ec6b19d9178efa2d9185a13295005b1cbf5521b3157eed1d95"
url = "https://unofficial-builds.nodejs.org/download/release/v24.18.0/node-v24.18.0-linux-x64-musl.tar.gz"

[tools.node."platforms.macos-arm64"]
checksum = "sha256:e1a97e14c99c803e96c7339403282ea05a499c32f8d83defe9ef5ec66f979ed1"
url = "https://nodejs.org/dist/v24.18.0/node-v24.18.0-darwin-arm64.tar.gz"

[tools.node."platforms.macos-x64"]
checksum = "sha256:dfd0dbd3e721503434df7b7205e719f61b3a3a31b2bcf9729b8b91fea240f080"
url = "https://nodejs.org/dist/v24.18.0/node-v24.18.0-darwin-x64.tar.gz"

[tools.node."platforms.windows-x64"]
checksum = "sha256:0ae68406b42d7725661da979b1403ec9926da205c6770827f33aac9d8f26e821"
url = "https://nodejs.org/dist/v24.18.0/node-v24.18.0-win-x64.zip"

[[tools.opentofu]]
version = "1.12.4"
backend = "aqua:opentofu/opentofu"

[tools.opentofu."platforms.linux-arm64"]
checksum = "sha256:dc7bfcd93ce9795a86c58fbf71efd013c39dcd1febb13c9cd3555c43b9c2403a"
url = "https://github.com/opentofu/opentofu/releases/download/v1.12.4/tofu_1.12.4_linux_arm64.tar.gz"
url_api = "https://api.github.com/repos/opentofu/opentofu/releases/assets/475646678"

[tools.opentofu."platforms.linux-arm64-musl"]
checksum = "sha256:dc7bfcd93ce9795a86c58fbf71efd013c39dcd1febb13c9cd3555c43b9c2403a"
url = "https://github.com/opentofu/opentofu/releases/download/v1.12.4/tofu_1.12.4_linux_arm64.tar.gz"
url_api = "https://api.github.com/repos/opentofu/opentofu/releases/assets/475646678"

[tools.opentofu."platforms.linux-x64"]
checksum = "sha256:81836d0f12b4fe9013b85586349f993def9429b6383bb77cdd6c2f3a9d9aac24"
url = "https://github.com/opentofu/opentofu/releases/download/v1.12.4/tofu_1.12.4_linux_amd64.tar.gz"
url_api = "https://api.github.com/repos/opentofu/opentofu/releases/assets/475646677"

[tools.opentofu."platforms.linux-x64-musl"]
checksum = "sha256:81836d0f12b4fe9013b85586349f993def9429b6383bb77cdd6c2f3a9d9aac24"
url = "https://github.com/opentofu/opentofu/releases/download/v1.12.4/tofu_1.12.4_linux_amd64.tar.gz"
url_api = "https://api.github.com/repos/opentofu/opentofu/releases/assets/475646677"

[tools.opentofu."platforms.macos-arm64"]
checksum = "sha256:7c06e4390d9ccd467773e37ff1c3d833c7ca0c24742cd9e9ad47284bea472247"
url = "https://github.com/opentofu/opentofu/releases/download/v1.12.4/tofu_1.12.4_darwin_arm64.tar.gz"
url_api = "https://api.github.com/repos/opentofu/opentofu/releases/assets/475646544"

[tools.opentofu."platforms.macos-x64"]
checksum = "sha256:ead1d2ce643addb4ffeb93240b9377ae1c2fd793a6bd22d65922ac37adfdf546"
url = "https://github.com/opentofu/opentofu/releases/download/v1.12.4/tofu_1.12.4_darwin_amd64.tar.gz"
url_api = "https://api.github.com/repos/opentofu/opentofu/releases/assets/475646688"

[tools.opentofu."platforms.windows-x64"]
checksum = "sha256:a4d86a07755c8d151f20f945e6cfb5b40deeed942af36a9bd385c5c2e965d5dd"
url = "https://github.com/opentofu/opentofu/releases/download/v1.12.4/tofu_1.12.4_windows_amd64.tar.gz"
url_api = "https://api.github.com/repos/opentofu/opentofu/releases/assets/475646543"

[[tools.pnpm]]
version = "11.11.0"
backend = "aqua:pnpm/pnpm"

[tools.pnpm."platforms.linux-arm64"]
checksum = "sha256:4871093439f036b3082df6102255ac119f3b6f4f50c51c5711fc7c358b8b22d7"
url = "https://github.com/pnpm/pnpm/releases/download/v11.11.0/pnpm-linux-arm64.tar.gz"
url_api = "https://api.github.com/repos/pnpm/pnpm/releases/assets/471734816"
provenance = "github-attestations"

[tools.pnpm."platforms.linux-arm64-musl"]
checksum = "sha256:f97316cee0deb3ae3fd64e8a09e1c8c88a76da33373a2b465bd6a4c3e85e0690"
url = "https://github.com/pnpm/pnpm/releases/download/v11.11.0/pnpm-linux-arm64-musl.tar.gz"
url_api = "https://api.github.com/repos/pnpm/pnpm/releases/assets/471734819"
provenance = "github-attestations"

[tools.pnpm."platforms.linux-x64"]
checksum = "sha256:df4699e897012ab14df2cc6eaa942910e830eb7fcaa420a2a1421a9461fd9108"
url = "https://github.com/pnpm/pnpm/releases/download/v11.11.0/pnpm-linux-x64.tar.gz"
url_api = "https://api.github.com/repos/pnpm/pnpm/releases/assets/471734818"
provenance = "github-attestations"

[tools.pnpm."platforms.linux-x64-musl"]
checksum = "sha256:aad186f8a8ae72d827d5efe63e99e801456715fb7f2798949405fa33f20260db"
url = "https://github.com/pnpm/pnpm/releases/download/v11.11.0/pnpm-linux-x64-musl.tar.gz"
url_api = "https://api.github.com/repos/pnpm/pnpm/releases/assets/471734821"
provenance = "github-attestations"

[tools.pnpm."platforms.macos-arm64"]
checksum = "sha256:ad46ad16c2376c2b78354ac488c1b166e076aa59bfcbcfd567d55957d755a690"
url = "https://github.com/pnpm/pnpm/releases/download/v11.11.0/pnpm-darwin-arm64.tar.gz"
url_api = "https://api.github.com/repos/pnpm/pnpm/releases/assets/471734814"
provenance = "github-attestations"

[tools.pnpm."platforms.windows-x64"]
checksum = "sha256:13ad8a9b139c4c829fea33462cf04d061d72f0926b2b76a92ac03c9a36e405f9"
url = "https://github.com/pnpm/pnpm/releases/download/v11.11.0/pnpm-win32-x64.zip"
url_api = "https://api.github.com/repos/pnpm/pnpm/releases/assets/471734820"
provenance = "github-attestations"

[[tools.terragrunt]]
version = "1.1.1"
backend = "aqua:gruntwork-io/terragrunt"

[tools.terragrunt."platforms.linux-arm64"]
checksum = "sha256:a374a7993ff3d99665a7e014007d3647ec7f0465c9d55c85e9f94c932e73cea2"
url = "https://github.com/gruntwork-io/terragrunt/releases/download/v1.1.1/terragrunt_linux_arm64.tar.gz"
url_api = "https://api.github.com/repos/gruntwork-io/terragrunt/releases/assets/476786148"

[tools.terragrunt."platforms.linux-arm64-musl"]
checksum = "sha256:a374a7993ff3d99665a7e014007d3647ec7f0465c9d55c85e9f94c932e73cea2"
url = "https://github.com/gruntwork-io/terragrunt/releases/download/v1.1.1/terragrunt_linux_arm64.tar.gz"
url_api = "https://api.github.com/repos/gruntwork-io/terragrunt/releases/assets/476786148"

[tools.terragrunt."platforms.linux-x64"]
checksum = "sha256:ce90077ac31ef17a2ba10d11d45f36c6501997a8f4f79d703bb7daba37032f53"
url = "https://github.com/gruntwork-io/terragrunt/releases/download/v1.1.1/terragrunt_linux_amd64.tar.gz"
url_api = "https://api.github.com/repos/gruntwork-io/terragrunt/releases/assets/476785968"

[tools.terragrunt."platforms.linux-x64-musl"]
checksum = "sha256:ce90077ac31ef17a2ba10d11d45f36c6501997a8f4f79d703bb7daba37032f53"
url = "https://github.com/gruntwork-io/terragrunt/releases/download/v1.1.1/terragrunt_linux_amd64.tar.gz"
url_api = "https://api.github.com/repos/gruntwork-io/terragrunt/releases/assets/476785968"

[tools.terragrunt."platforms.macos-arm64"]
checksum = "sha256:9ec8f678b9ae6c81d5d9d77b94cbf6349ce639d5938694b4adc9dea73e416794"
url = "https://github.com/gruntwork-io/terragrunt/releases/download/v1.1.1/terragrunt_darwin_arm64.tar.gz"
url_api = "https://api.github.com/repos/gruntwork-io/terragrunt/releases/assets/476785628"

[tools.terragrunt."platforms.macos-x64"]
checksum = "sha256:73e768a69fa44a60f9d9174f54aaf179327e08706f633c9c79d5f5c9622c91c2"
url = "https://github.com/gruntwork-io/terragrunt/releases/download/v1.1.1/terragrunt_darwin_amd64.tar.gz"
url_api = "https://api.github.com/repos/gruntwork-io/terragrunt/releases/assets/476785520"

[tools.terragrunt."platforms.windows-x64"]
checksum = "sha256:dd50a324691e072a3ac879e9ec43d6310e2936c929fda658eb2811fefcc75115"
url = "https://github.com/gruntwork-io/terragrunt/releases/download/v1.1.1/terragrunt_windows_amd64.exe.tar.gz"
url_api = "https://api.github.com/repos/gruntwork-io/terragrunt/releases/assets/476786421"

[[tools.wrangler]]
version = "4.110.0"
backend = "npm:wrangler"

[tools.wrangler.options]
allow_builds = '["esbuild", "sharp", "workerd"]'
